
Microsoft Visual Studio Solution File, Format Version 12.00
# Visual Studio Version 16
VisualStudioVersion = 16.0.31129.286
MinimumVisualStudioVersion = 10.0.40219.1
Project("{9A19103F-16F7-4668-BE54-9A1E7A4F7556}") = "Graph", "Graph\Graph.csproj", "{2039D870-3559-4F89-B240-F9A4D0853AF4}"
EndProject
Project("{9A19103F-16F7-4668-BE54-9A1E7A4F7556}") = "GraphConsole", "GraphConsole\GraphConsole.csproj", "{7A121B0D-3CCE-44B9-B695-25474AAD6325}"
EndProject
Project("{9A19103F-16F7-4668-BE54-9A1E7A4F7556}") = "Search", "Search\Search.csproj", "{E63EAEEC-1833-4A42-ABFC-F24771E386F7}"
EndProject
Project("{FAE04EC0-301F-11D3-BF4B-00C04F79EFBC}") = "SearchTests", "SearchTests\SearchTests.csproj", "{518CEE47-AFCB-4A90-BEEF-3CDAE67D38D0}"
EndProject
Global
	GlobalSection(SolutionConfigurationPlatforms) = preSolution
		Debug|Any CPU = Debug|Any CPU
		Release|Any CPU = Release|Any CPU
	EndGlobalSection
	GlobalSection(ProjectConfigurationPlatforms) = postSolution
		{2039D870-3559-4F89-B240-F9A4D0853AF4}.Debug|Any CPU.ActiveCfg = Debug|Any CPU
		{2039D870-3559-4F89-B240-F9A4D0853AF4}.Debug|Any CPU.Build.0 = Debug|Any CPU
		{2039D870-3559-4F89-B240-F9A4D0853AF4}.Release|Any CPU.ActiveCfg = Release|Any CPU
		{2039D870-3559-4F89-B240-F9A4D0853AF4}.Release|Any CPU.Build.0 = Release|Any CPU
		{7A121B0D-3CCE-44B9-B695-25474AAD6325}.Debug|Any CPU.ActiveCfg = Debug|Any CPU
		{7A121B0D-3CCE-44B9-B695-25474AAD6325}.Debug|Any CPU.Build.0 = Debug|Any CPU
		{7A121B0D-3CCE-44B9-B695-25474AAD6325}.Release|Any CPU.ActiveCfg = Release|Any CPU
		{7A121B0D-3CCE-44B9-B695-25474AAD6325}.Release|Any CPU.Build.0 = Release|Any CPU
		{E63EAEEC-1833-4A42-ABFC-F24771E386F7}.Debug|Any CPU.ActiveCfg = Debug|Any CPU
		{E63EAEEC-1833-4A42-ABFC-F24771E386F7}.Debug|Any CPU.Build.0 = Debug|Any CPU
		{E63EAEEC-1833-4A42-ABFC-F24771E386F7}.Release|Any CPU.ActiveCfg = Release|Any CPU
		{E63EAEEC-1833-4A42-ABFC-F24771E386F7}.Release|Any CPU.Build.0 = Release|Any CPU
		{518CEE47-AFCB-4A90-BEEF-3CDAE67D38D0}.Debug|Any CPU.ActiveCfg = Debug|Any CPU
		{518CEE47-AFCB-4A90-BEEF-3CDAE67D38D0}.Debug|Any CPU.Build.0 = Debug|Any CPU
		{518CEE47-AFCB-4A90-BEEF-3CDAE67D38D0}.Release|Any CPU.ActiveCfg = Release|Any CPU
		{518CEE47-AFCB-4A90-BEEF-3CDAE67D38D0}.Release|Any CPU.Build.0 = Release|Any CPU
	EndGlobalSection
	GlobalSection(SolutionProperties) = preSolution
		HideSolutionNode = FALSE
	EndGlobalSection
	GlobalSection(ExtensibilityGlobals) = postSolution
		SolutionGuid = {E2879149-0BA6-43E4-AD13-240DBB769642}
	EndGlobalSection
EndGlobal
